
Microsoft Visual Studio Solution File, Format Version 12.00
# Visual Studio Version 17
VisualStudioVersion = 17.13.35931.197 d17.13
MinimumVisualStudioVersion = 10.0.40219.1
Project("{FAE04EC0-301F-11D3-BF4B-00C04F79EFBC}") = "Kaxaml", "Kaxaml\Kaxaml.csproj", "{1E1DCC50-B045-401A-A069-4CEBB411DCA0}"
EndProject
Project("{FAE04EC0-301F-11D3-BF4B-00C04F79EFBC}") = "ColorPickerPlugin", "ColorPickerPlugin\ColorPickerPlugin.csproj", "{34C2D809-4873-E036-42A3-759B180C6FBE}"
EndProject
Project("{FAE04EC0-301F-11D3-BF4B-00C04F79EFBC}") = "KaxamlPlugins", "KaxamlPlugins\KaxamlPlugins.csproj", "{BBAAF115-863E-B9D3-47FE-F3BFCDAAFD8D}"
EndProject
Project("{FAE04EC0-301F-11D3-BF4B-00C04F79EFBC}") = "SnapshotPlugin", "SnapshotPlugin\SnapshotPlugin.csproj", "{02D546B9-54EF-39FE-F108-A13C793CCDCD}"
EndProject
Project("{FAE04EC0-301F-11D3-BF4B-00C04F79EFBC}") = "XamlScrubberPlugin", "XamlScrubberPlugin\XamlScrubberPlugin.csproj", "{6B356D24-2364-7F99-2C9E-A9568165D30B}"
EndProject
Global
	GlobalSection(SolutionConfigurationPlatforms) = preSolution
		Debug|Any CPU = Debug|Any CPU
		Release|Any CPU = Release|Any CPU
	EndGlobalSection
	GlobalSection(ProjectConfigurationPlatforms) = postSolution
		{1E1DCC50-B045-401A-A069-4CEBB411DCA0}.Debug|Any CPU.ActiveCfg = Debug|Any CPU
		{1E1DCC50-B045-401A-A069-4CEBB411DCA0}.Debug|Any CPU.Build.0 = Debug|Any CPU
		{1E1DCC50-B045-401A-A069-4CEBB411DCA0}.Release|Any CPU.ActiveCfg = Release|Any CPU
		{1E1DCC50-B045-401A-A069-4CEBB411DCA0}.Release|Any CPU.Build.0 = Release|Any CPU
		{34C2D809-4873-E036-42A3-759B180C6FBE}.Debug|Any CPU.ActiveCfg = Debug|Any CPU
		{34C2D809-4873-E036-42A3-759B180C6FBE}.Debug|Any CPU.Build.0 = Debug|Any CPU
		{34C2D809-4873-E036-42A3-759B180C6FBE}.Release|Any CPU.ActiveCfg = Release|Any CPU
		{34C2D809-4873-E036-42A3-759B180C6FBE}.Release|Any CPU.Build.0 = Release|Any CPU
		{BBAAF115-863E-B9D3-47FE-F3BFCDAAFD8D}.Debug|Any CPU.ActiveCfg = Debug|Any CPU
		{BBAAF115-863E-B9D3-47FE-F3BFCDAAFD8D}.Debug|Any CPU.Build.0 = Debug|Any CPU
		{BBAAF115-863E-B9D3-47FE-F3BFCDAAFD8D}.Release|Any CPU.ActiveCfg = Release|Any CPU
		{BBAAF115-863E-B9D3-47FE-F3BFCDAAFD8D}.Release|Any CPU.Build.0 = Release|Any CPU
		{02D546B9-54EF-39FE-F108-A13C793CCDCD}.Debug|Any CPU.ActiveCfg = Debug|Any CPU
		{02D546B9-54EF-39FE-F108-A13C793CCDCD}.Debug|Any CPU.Build.0 = Debug|Any CPU
		{02D546B9-54EF-39FE-F108-A13C793CCDCD}.Release|Any CPU.ActiveCfg = Release|Any CPU
		{02D546B9-54EF-39FE-F108-A13C793CCDCD}.Release|Any CPU.Build.0 = Release|Any CPU
		{6B356D24-2364-7F99-2C9E-A9568165D30B}.Debug|Any CPU.ActiveCfg = Debug|Any CPU
		{6B356D24-2364-7F99-2C9E-A9568165D30B}.Debug|Any CPU.Build.0 = Debug|Any CPU
		{6B356D24-2364-7F99-2C9E-A9568165D30B}.Release|Any CPU.ActiveCfg = Release|Any CPU
		{6B356D24-2364-7F99-2C9E-A9568165D30B}.Release|Any CPU.Build.0 = Release|Any CPU
	EndGlobalSection
	GlobalSection(SolutionProperties) = preSolution
		HideSolutionNode = FALSE
	EndGlobalSection
	GlobalSection(ExtensibilityGlobals) = postSolution
		SolutionGuid = {785F8E88-D534-4ACF-82BE-53224C6BA79D}
	EndGlobalSection
EndGlobal
